
Microsoft Visual Studio Solution File, Format Version 12.00
# Visual Studio Version 17
VisualStudioVersion = 17.8.34330.188
MinimumVisualStudioVersion = 10.0.40219.1
Project("{FAE04EC0-301F-11D3-BF4B-00C04F79EFBC}") = "NaviEaze", "NaviEaze\NaviEaze.csproj", "{38B01488-8AEE-489F-A6D7-1DCED789DFDB}"
EndProject
Global
	GlobalSection(SolutionConfigurationPlatforms) = preSolution
		Debug|Any CPU = Debug|Any CPU
		Release|Any CPU = Release|Any CPU
	EndGlobalSection
	GlobalSection(ProjectConfigurationPlatforms) = postSolution
		{38B01488-8AEE-489F-A6D7-1DCED789DFDB}.Debug|Any CPU.ActiveCfg = Debug|Any CPU
		{38B01488-8AEE-489F-A6D7-1DCED789DFDB}.Debug|Any CPU.Build.0 = Debug|Any CPU
		{38B01488-8AEE-489F-A6D7-1DCED789DFDB}.Release|Any CPU.ActiveCfg = Release|Any CPU
		{38B01488-8AEE-489F-A6D7-1DCED789DFDB}.Release|Any CPU.Build.0 = Release|Any CPU
	EndGlobalSection
	GlobalSection(SolutionProperties) = preSolution
		HideSolutionNode = FALSE
	EndGlobalSection
	GlobalSection(ExtensibilityGlobals) = postSolution
		SolutionGuid = {FC303C82-C3B7-4FFE-8243-3F2A3D21AB96}
	EndGlobalSection
EndGlobal
